
Microsoft Visual Studio Solution File, Format Version 12.00
# Visual Studio Version 16
VisualStudioVersion = 16.0.30907.101
MinimumVisualStudioVersion = 10.0.40219.1
Project("{9A19103F-16F7-4668-BE54-9A1E7A4F7556}") = "JiraStatistic.JiraClient", "src\JiraStatistic.JiraClient\JiraStatistic.JiraClient.csproj", "{4D4B53EB-2752-42C3-B60A-5DC928C93FE0}"
EndProject
Project("{2150E333-8FDC-42A3-9474-1A3956D46DE8}") = "src", "src", "{7595ED20-0538-4548-9110-0767DE83BF13}"
EndProject
Project("{2150E333-8FDC-42A3-9474-1A3956D46DE8}") = "tests", "tests", "{F141BA58-AEDB-486F-B3C6-C27B8EB2E0CA}"
EndProject
Project("{9A19103F-16F7-4668-BE54-9A1E7A4F7556}") = "JiraStatistic.IntegrationTests", "tests\JiraStatistic.IntegrationTests\JiraStatistic.IntegrationTests.csproj", "{45F3A096-692B-4D21-86B6-A198A9F484CB}"
EndProject
Project("{9A19103F-16F7-4668-BE54-9A1E7A4F7556}") = "JiraStatistic.UnitTests", "tests\JiraStatistic.UnitTests\JiraStatistic.UnitTests.csproj", "{56269B5E-4D18-4DF3-B151-C57C6DD2D7E2}"
EndProject
Project("{9A19103F-16F7-4668-BE54-9A1E7A4F7556}") = "JiraStatistic.Domain", "src\JiraStatistic.Domain\JiraStatistic.Domain.csproj", "{F92F23BD-7957-4E59-9779-3DA1E421E767}"
EndProject
Project("{9A19103F-16F7-4668-BE54-9A1E7A4F7556}") = "JiraStatistic.Business.Abstractions", "src\JiraStatistic.Business.Abstractions\JiraStatistic.Business.Abstractions.csproj", "{8FAB7E7B-BAC6-4308-BE37-34DF0B9F6F73}"
EndProject
Project("{9A19103F-16F7-4668-BE54-9A1E7A4F7556}") = "JiraStatistic.Business", "src\JiraStatistic.Business\JiraStatistic.Business.csproj", "{924C99B0-ADA9-4201-8AED-1556AE6EAAF6}"
EndProject
Project("{FAE04EC0-301F-11D3-BF4B-00C04F79EFBC}") = "JiraStatisic.WorkerService", "src\JiraStatisic.WorkerService\JiraStatisic.WorkerService.csproj", "{D3FB5D98-3F19-417B-AA25-F0055754B386}"
EndProject
Global
	GlobalSection(SolutionConfigurationPlatforms) = preSolution
		Debug|Any CPU = Debug|Any CPU
		Release|Any CPU = Release|Any CPU
	EndGlobalSection
	GlobalSection(ProjectConfigurationPlatforms) = postSolution
		{4D4B53EB-2752-42C3-B60A-5DC928C93FE0}.Debug|Any CPU.ActiveCfg = Debug|Any CPU
		{4D4B53EB-2752-42C3-B60A-5DC928C93FE0}.Debug|Any CPU.Build.0 = Debug|Any CPU
		{4D4B53EB-2752-42C3-B60A-5DC928C93FE0}.Release|Any CPU.ActiveCfg = Release|Any CPU
		{4D4B53EB-2752-42C3-B60A-5DC928C93FE0}.Release|Any CPU.Build.0 = Release|Any CPU
		{45F3A096-692B-4D21-86B6-A198A9F484CB}.Debug|Any CPU.ActiveCfg = Debug|Any CPU
		{45F3A096-692B-4D21-86B6-A198A9F484CB}.Debug|Any CPU.Build.0 = Debug|Any CPU
		{45F3A096-692B-4D21-86B6-A198A9F484CB}.Release|Any CPU.ActiveCfg = Release|Any CPU
		{45F3A096-692B-4D21-86B6-A198A9F484CB}.Release|Any CPU.Build.0 = Release|Any CPU
		{56269B5E-4D18-4DF3-B151-C57C6DD2D7E2}.Debug|Any CPU.ActiveCfg = Debug|Any CPU
		{56269B5E-4D18-4DF3-B151-C57C6DD2D7E2}.Debug|Any CPU.Build.0 = Debug|Any CPU
		{56269B5E-4D18-4DF3-B151-C57C6DD2D7E2}.Release|Any CPU.ActiveCfg = Release|Any CPU
		{56269B5E-4D18-4DF3-B151-C57C6DD2D7E2}.Release|Any CPU.Build.0 = Release|Any CPU
		{F92F23BD-7957-4E59-9779-3DA1E421E767}.Debug|Any CPU.ActiveCfg = Debug|Any CPU
		{F92F23BD-7957-4E59-9779-3DA1E421E767}.Debug|Any CPU.Build.0 = Debug|Any CPU
		{F92F23BD-7957-4E59-9779-3DA1E421E767}.Release|Any CPU.ActiveCfg = Release|Any CPU
		{F92F23BD-7957-4E59-9779-3DA1E421E767}.Release|Any CPU.Build.0 = Release|Any CPU
		{8FAB7E7B-BAC6-4308-BE37-34DF0B9F6F73}.Debug|Any CPU.ActiveCfg = Debug|Any CPU
		{8FAB7E7B-BAC6-4308-BE37-34DF0B9F6F73}.Debug|Any CPU.Build.0 = Debug|Any CPU
		{8FAB7E7B-BAC6-4308-BE37-34DF0B9F6F73}.Release|Any CPU.ActiveCfg = Release|Any CPU
		{8FAB7E7B-BAC6-4308-BE37-34DF0B9F6F73}.Release|Any CPU.Build.0 = Release|Any CPU
		{924C99B0-ADA9-4201-8AED-1556AE6EAAF6}.Debug|Any CPU.ActiveCfg = Debug|Any CPU
		{924C99B0-ADA9-4201-8AED-1556AE6EAAF6}.Debug|Any CPU.Build.0 = Debug|Any CPU
		{924C99B0-ADA9-4201-8AED-1556AE6EAAF6}.Release|Any CPU.ActiveCfg = Release|Any CPU
		{924C99B0-ADA9-4201-8AED-1556AE6EAAF6}.Release|Any CPU.Build.0 = Release|Any CPU
		{D3FB5D98-3F19-417B-AA25-F0055754B386}.Debug|Any CPU.ActiveCfg = Debug|Any CPU
		{D3FB5D98-3F19-417B-AA25-F0055754B386}.Debug|Any CPU.Build.0 = Debug|Any CPU
		{D3FB5D98-3F19-417B-AA25-F0055754B386}.Release|Any CPU.ActiveCfg = Release|Any CPU
		{D3FB5D98-3F19-417B-AA25-F0055754B386}.Release|Any CPU.Build.0 = Release|Any CPU
	EndGlobalSection
	GlobalSection(SolutionProperties) = preSolution
		HideSolutionNode = FALSE
	EndGlobalSection
	GlobalSection(NestedProjects) = preSolution
		{4D4B53EB-2752-42C3-B60A-5DC928C93FE0} = {7595ED20-0538-4548-9110-0767DE83BF13}
		{45F3A096-692B-4D21-86B6-A198A9F484CB} = {F141BA58-AEDB-486F-B3C6-C27B8EB2E0CA}
		{56269B5E-4D18-4DF3-B151-C57C6DD2D7E2} = {F141BA58-AEDB-486F-B3C6-C27B8EB2E0CA}
		{F92F23BD-7957-4E59-9779-3DA1E421E767} = {7595ED20-0538-4548-9110-0767DE83BF13}
		{8FAB7E7B-BAC6-4308-BE37-34DF0B9F6F73} = {7595ED20-0538-4548-9110-0767DE83BF13}
		{924C99B0-ADA9-4201-8AED-1556AE6EAAF6} = {7595ED20-0538-4548-9110-0767DE83BF13}
		{D3FB5D98-3F19-417B-AA25-F0055754B386} = {7595ED20-0538-4548-9110-0767DE83BF13}
	EndGlobalSection
	GlobalSection(ExtensibilityGlobals) = postSolution
		SolutionGuid = {F4E33F6E-0128-401E-84FE-78461F907B78}
	EndGlobalSection
EndGlobal
